// !$*UTF8*$!
{
	archiveVersion = 1;
	classes = {
	};
	objectVersion = 50;
	objects = {

/* Begin PBXBuildFile section */
		89B35B6D236DFABB004BE9E8 /* ListTeams.storyboard in Resources */ = {isa = PBXBuildFile; fileRef = 89B35B6C236DFABB004BE9E8 /* ListTeams.storyboard */; };
		89B35B6F236DFAC8004BE9E8 /* ListTeamsViewController.swift in Sources */ = {isa = PBXBuildFile; fileRef = 89B35B6E236DFAC8004BE9E8 /* ListTeamsViewController.swift */; };
		C799F585236B713F00184E36 /* AppDelegate.swift in Sources */ = {isa = PBXBuildFile; fileRef = C799F584236B713F00184E36 /* AppDelegate.swift */; };
		C799F587236B713F00184E36 /* SceneDelegate.swift in Sources */ = {isa = PBXBuildFile; fileRef = C799F586236B713F00184E36 /* SceneDelegate.swift */; };
		C799F589236B713F00184E36 /* ViewController.swift in Sources */ = {isa = PBXBuildFile; fileRef = C799F588236B713F00184E36 /* ViewController.swift */; };
		C799F58C236B713F00184E36 /* Main.storyboard in Resources */ = {isa = PBXBuildFile; fileRef = C799F58A236B713F00184E36 /* Main.storyboard */; };
		C799F591236B714000184E36 /* LaunchScreen.storyboard in Resources */ = {isa = PBXBuildFile; fileRef = C799F58F236B714000184E36 /* LaunchScreen.storyboard */; };
		C799F59F236B716000184E36 /* CheckIn.storyboard in Resources */ = {isa = PBXBuildFile; fileRef = C799F59A236B715F00184E36 /* CheckIn.storyboard */; };
		C799F5A0236B716000184E36 /* Camera.storyboard in Resources */ = {isa = PBXBuildFile; fileRef = C799F59B236B715F00184E36 /* Camera.storyboard */; };
		C799F5A1236B716000184E36 /* CvVideoCameraWrapper.mm in Sources */ = {isa = PBXBuildFile; fileRef = C799F59C236B715F00184E36 /* CvVideoCameraWrapper.mm */; };
		C799F5A2236B716000184E36 /* CameraViewController.swift in Sources */ = {isa = PBXBuildFile; fileRef = C799F59D236B715F00184E36 /* CameraViewController.swift */; };
		C799F5A3236B716000184E36 /* CheckIn.swift in Sources */ = {isa = PBXBuildFile; fileRef = C799F59E236B715F00184E36 /* CheckIn.swift */; };
		C799F5A8236B717200184E36 /* PlayerInfo.storyboard in Resources */ = {isa = PBXBuildFile; fileRef = C799F5A5236B717200184E36 /* PlayerInfo.storyboard */; };
		C799F5A9236B717200184E36 /* PlayerInfoViewController.swift in Sources */ = {isa = PBXBuildFile; fileRef = C799F5A6236B717200184E36 /* PlayerInfoViewController.swift */; };
		C799F5B2236B71DB00184E36 /* CoreMedia.framework in Frameworks */ = {isa = PBXBuildFile; fileRef = C799F5B1236B71DB00184E36 /* CoreMedia.framework */; };
		C799F5B4236B71E100184E36 /* CoreVideo.framework in Frameworks */ = {isa = PBXBuildFile; fileRef = C799F5B3236B71E100184E36 /* CoreVideo.framework */; };
		C799F5B6236B71E500184E36 /* AssetsLibrary.framework in Frameworks */ = {isa = PBXBuildFile; fileRef = C799F5B5236B71E500184E36 /* AssetsLibrary.framework */; };
		C799F5B8236B71E900184E36 /* AVFoundation.framework in Frameworks */ = {isa = PBXBuildFile; fileRef = C799F5B7236B71E900184E36 /* AVFoundation.framework */; };
		C799F5BA236B71F000184E36 /* Accelerate.framework in Frameworks */ = {isa = PBXBuildFile; fileRef = C799F5B9236B71F000184E36 /* Accelerate.framework */; };
		C799F5BC236B71FA00184E36 /* CoreGraphics.framework in Frameworks */ = {isa = PBXBuildFile; fileRef = C799F5BB236B71FA00184E36 /* CoreGraphics.framework */; };
		C799F5BE236B720200184E36 /* CoreImage.framework in Frameworks */ = {isa = PBXBuildFile; fileRef = C799F5BD236B720200184E36 /* CoreImage.framework */; };
		C799F5C0236B720900184E36 /* QuartzCore.framework in Frameworks */ = {isa = PBXBuildFile; fileRef = C799F5BF236B720900184E36 /* QuartzCore.framework */; };
		C799F5C1236B74D700184E36 /* opencv2.framework in Frameworks */ = {isa = PBXBuildFile; fileRef = C799F5A4236B717200184E36 /* opencv2.framework */; };
		C799F5CC236B90C500184E36 /* Assets.xcassets in Resources */ = {isa = PBXBuildFile; fileRef = C799F58D236B714000184E36 /* Assets.xcassets */; };
		C799F5CF236B9A2D00184E36 /* TeamInfoViewController.swift in Sources */ = {isa = PBXBuildFile; fileRef = C799F5C6236B8EC300184E36 /* TeamInfoViewController.swift */; };
		C799F5D4236B9B9000184E36 /* TeamInfo.storyboard in Resources */ = {isa = PBXBuildFile; fileRef = C799F5D2236B9B0200184E36 /* TeamInfo.storyboard */; };
		C799F5D6236BA50B00184E36 /* GameInfo.storyboard in Resources */ = {isa = PBXBuildFile; fileRef = C799F5D5236BA50B00184E36 /* GameInfo.storyboard */; };
		C799F5D8236BA51F00184E36 /* GameInfoViewController.swift in Sources */ = {isa = PBXBuildFile; fileRef = C799F5D7236BA51F00184E36 /* GameInfoViewController.swift */; };
		C799F6012371CAEC00184E36 /* soccer.png in Resources */ = {isa = PBXBuildFile; fileRef = C799F6002371CAEC00184E36 /* soccer.png */; };
/* End PBXBuildFile section */

/* Begin PBXCopyFilesBuildPhase section */
		C799F5CA236B8FD500184E36 /* CopyFiles */ = {
			isa = PBXCopyFilesBuildPhase;
			buildActionMask = 2147483647;
			dstPath = "";
			dstSubfolderSpec = 7;
			files = (
			);
			runOnlyForDeploymentPostprocessing = 0;
		};
/* End PBXCopyFilesBuildPhase section */

/* Begin PBXFileReference section */
		89B35B6C236DFABB004BE9E8 /* ListTeams.storyboard */ = {isa = PBXFileReference; lastKnownFileType = file.storyboard; path = ListTeams.storyboard; sourceTree = "<group>"; };
		89B35B6E236DFAC8004BE9E8 /* ListTeamsViewController.swift */ = {isa = PBXFileReference; lastKnownFileType = sourcecode.swift; path = ListTeamsViewController.swift; sourceTree = "<group>"; };
		C799F581236B713F00184E36 /* Sportsium_Skeleton.app */ = {isa = PBXFileReference; explicitFileType = wrapper.application; includeInIndex = 0; path = Sportsium_Skeleton.app; sourceTree = BUILT_PRODUCTS_DIR; };
		C799F584236B713F00184E36 /* AppDelegate.swift */ = {isa = PBXFileReference; lastKnownFileType = sourcecode.swift; path = AppDelegate.swift; sourceTree = "<group>"; };
		C799F586236B713F00184E36 /* SceneDelegate.swift */ = {isa = PBXFileReference; lastKnownFileType = sourcecode.swift; path = SceneDelegate.swift; sourceTree = "<group>"; };
		C799F588236B713F00184E36 /* ViewController.swift */ = {isa = PBXFileReference; lastKnownFileType = sourcecode.swift; path = ViewController.swift; sourceTree = "<group>"; };
		C799F58B236B713F00184E36 /* Base */ = {isa = PBXFileReference; lastKnownFileType = file.storyboard; name = Base; path = Base.lproj/Main.storyboard; sourceTree = "<group>"; };
		C799F58D236B714000184E36 /* Assets.xcassets */ = {isa = PBXFileReference; lastKnownFileType = folder.assetcatalog; path = Assets.xcassets; sourceTree = "<group>"; };
		C799F590236B714000184E36 /* Base */ = {isa = PBXFileReference; lastKnownFileType = file.storyboard; name = Base; path = Base.lproj/LaunchScreen.storyboard; sourceTree = "<group>"; };
		C799F592236B714000184E36 /* Info.plist */ = {isa = PBXFileReference; lastKnownFileType = text.plist.xml; path = Info.plist; sourceTree = "<group>"; };
		C799F598236B715E00184E36 /* Sportsium_Skeleton-Bridging-Header.h */ = {isa = PBXFileReference; lastKnownFileType = sourcecode.c.h; path = "Sportsium_Skeleton-Bridging-Header.h"; sourceTree = "<group>"; };
		C799F599236B715F00184E36 /* CvVideoCameraWrapper.h */ = {isa = PBXFileReference; fileEncoding = 4; lastKnownFileType = sourcecode.c.h; path = CvVideoCameraWrapper.h; sourceTree = "<group>"; };
		C799F59A236B715F00184E36 /* CheckIn.storyboard */ = {isa = PBXFileReference; fileEncoding = 4; lastKnownFileType = file.storyboard; path = CheckIn.storyboard; sourceTree = "<group>"; };
		C799F59B236B715F00184E36 /* Camera.storyboard */ = {isa = PBXFileReference; fileEncoding = 4; lastKnownFileType = file.storyboard; path = Camera.storyboard; sourceTree = "<group>"; };
		C799F59C236B715F00184E36 /* CvVideoCameraWrapper.mm */ = {isa = PBXFileReference; fileEncoding = 4; lastKnownFileType = sourcecode.cpp.objcpp; path = CvVideoCameraWrapper.mm; sourceTree = "<group>"; };
		C799F59D236B715F00184E36 /* CameraViewController.swift */ = {isa = PBXFileReference; fileEncoding = 4; lastKnownFileType = sourcecode.swift; path = CameraViewController.swift; sourceTree = "<group>"; };
		C799F59E236B715F00184E36 /* CheckIn.swift */ = {isa = PBXFileReference; fileEncoding = 4; lastKnownFileType = sourcecode.swift; path = CheckIn.swift; sourceTree = "<group>"; };
		C799F5A4236B717200184E36 /* opencv2.framework */ = {isa = PBXFileReference; lastKnownFileType = wrapper.framework; path = opencv2.framework; sourceTree = "<group>"; };
		C799F5A5236B717200184E36 /* PlayerInfo.storyboard */ = {isa = PBXFileReference; fileEncoding = 4; lastKnownFileType = file.storyboard; path = PlayerInfo.storyboard; sourceTree = "<group>"; };
		C799F5A6236B717200184E36 /* PlayerInfoViewController.swift */ = {isa = PBXFileReference; fileEncoding = 4; lastKnownFileType = sourcecode.swift; path = PlayerInfoViewController.swift; sourceTree = "<group>"; };
		C799F5AB236B718000184E36 /* ViewController.swift */ = {isa = PBXFileReference; fileEncoding = 4; lastKnownFileType = sourcecode.swift; name = ViewController.swift; path = ../../../Sportsium_Skeleton1/Sportsium_Skeleton/ViewController.swift; sourceTree = "<group>"; };
		C799F5B1236B71DB00184E36 /* CoreMedia.framework */ = {isa = PBXFileReference; lastKnownFileType = wrapper.framework; name = CoreMedia.framework; path = System/Library/Frameworks/CoreMedia.framework; sourceTree = SDKROOT; };
		C799F5B3236B71E100184E36 /* CoreVideo.framework */ = {isa = PBXFileReference; lastKnownFileType = wrapper.framework; name = CoreVideo.framework; path = System/Library/Frameworks/CoreVideo.framework; sourceTree = SDKROOT; };
		C799F5B5236B71E500184E36 /* AssetsLibrary.framework */ = {isa = PBXFileReference; lastKnownFileType = wrapper.framework; name = AssetsLibrary.framework; path = System/Library/Frameworks/AssetsLibrary.framework; sourceTree = SDKROOT; };
		C799F5B7236B71E900184E36 /* AVFoundation.framework */ = {isa = PBXFileReference; lastKnownFileType = wrapper.framework; name = AVFoundation.framework; path = System/Library/Frameworks/AVFoundation.framework; sourceTree = SDKROOT; };
		C799F5B9236B71F000184E36 /* Accelerate.framework */ = {isa = PBXFileReference; lastKnownFileType = wrapper.framework; name = Accelerate.framework; path = System/Library/Frameworks/Accelerate.framework; sourceTree = SDKROOT; };
		C799F5BB236B71FA00184E36 /* CoreGraphics.framework */ = {isa = PBXFileReference; lastKnownFileType = wrapper.framework; name = CoreGraphics.framework; path = System/Library/Frameworks/CoreGraphics.framework; sourceTree = SDKROOT; };
		C799F5BD236B720200184E36 /* CoreImage.framework */ = {isa = PBXFileReference; lastKnownFileType = wrapper.framework; name = CoreImage.framework; path = System/Library/Frameworks/CoreImage.framework; sourceTree = SDKROOT; };
		C799F5BF236B720900184E36 /* QuartzCore.framework */ = {isa = PBXFileReference; lastKnownFileType = wrapper.framework; name = QuartzCore.framework; path = System/Library/Frameworks/QuartzCore.framework; sourceTree = SDKROOT; };
		C799F5C6236B8EC300184E36 /* TeamInfoViewController.swift */ = {isa = PBXFileReference; lastKnownFileType = sourcecode.swift; path = TeamInfoViewController.swift; sourceTree = "<group>"; };
		C799F5D2236B9B0200184E36 /* TeamInfo.storyboard */ = {isa = PBXFileReference; lastKnownFileType = file.storyboard; path = TeamInfo.storyboard; sourceTree = "<group>"; };
		C799F5D5236BA50B00184E36 /* GameInfo.storyboard */ = {isa = PBXFileReference; lastKnownFileType = file.storyboard; path = GameInfo.storyboard; sourceTree = "<group>"; };
		C799F5D7236BA51F00184E36 /* GameInfoViewController.swift */ = {isa = PBXFileReference; lastKnownFileType = sourcecode.swift; path = GameInfoViewController.swift; sourceTree = "<group>"; };
		C799F6002371CAEC00184E36 /* soccer.png */ = {isa = PBXFileReference; lastKnownFileType = image.png; path = soccer.png; sourceTree = "<group>"; };
/* End PBXFileReference section */

/* Begin PBXFrameworksBuildPhase section */
		C799F57E236B713F00184E36 /* Frameworks */ = {
			isa = PBXFrameworksBuildPhase;
			buildActionMask = 2147483647;
			files = (
				C799F5C1236B74D700184E36 /* opencv2.framework in Frameworks */,
				C799F5C0236B720900184E36 /* QuartzCore.framework in Frameworks */,
				C799F5BE236B720200184E36 /* CoreImage.framework in Frameworks */,
				C799F5BC236B71FA00184E36 /* CoreGraphics.framework in Frameworks */,
				C799F5BA236B71F000184E36 /* Accelerate.framework in Frameworks */,
				C799F5B8236B71E900184E36 /* AVFoundation.framework in Frameworks */,
				C799F5B6236B71E500184E36 /* AssetsLibrary.framework in Frameworks */,
				C799F5B4236B71E100184E36 /* CoreVideo.framework in Frameworks */,
				C799F5B2236B71DB00184E36 /* CoreMedia.framework in Frameworks */,
			);
			runOnlyForDeploymentPostprocessing = 0;
		};
/* End PBXFrameworksBuildPhase section */

/* Begin PBXGroup section */
		C799F578236B713F00184E36 = {
			isa = PBXGroup;
			children = (
				C799F583236B713F00184E36 /* Sportsium_Skeleton */,
				C799F582236B713F00184E36 /* Products */,
				C799F5B0236B71DB00184E36 /* Frameworks */,
			);
			sourceTree = "<group>";
		};
		C799F582236B713F00184E36 /* Products */ = {
			isa = PBXGroup;
			children = (
				C799F581236B713F00184E36 /* Sportsium_Skeleton.app */,
			);
			name = Products;
			sourceTree = "<group>";
		};
		C799F583236B713F00184E36 /* Sportsium_Skeleton */ = {
			isa = PBXGroup;
			children = (
				C799F58A236B713F00184E36 /* Main.storyboard */,
				C799F5D2236B9B0200184E36 /* TeamInfo.storyboard */,
				C799F5D5236BA50B00184E36 /* GameInfo.storyboard */,
				89B35B6C236DFABB004BE9E8 /* ListTeams.storyboard */,
				C799F59B236B715F00184E36 /* Camera.storyboard */,
				C799F59A236B715F00184E36 /* CheckIn.storyboard */,
				89B35B6E236DFAC8004BE9E8 /* ListTeamsViewController.swift */,
				C799F5D7236BA51F00184E36 /* GameInfoViewController.swift */,
				C799F584236B713F00184E36 /* AppDelegate.swift */,
				C799F586236B713F00184E36 /* SceneDelegate.swift */,
				C799F588236B713F00184E36 /* ViewController.swift */,
				C799F59D236B715F00184E36 /* CameraViewController.swift */,
				C799F59E236B715F00184E36 /* CheckIn.swift */,
				C799F599236B715F00184E36 /* CvVideoCameraWrapper.h */,
				C799F5A4236B717200184E36 /* opencv2.framework */,
				C799F5A5236B717200184E36 /* PlayerInfo.storyboard */,
				C799F5AB236B718000184E36 /* ViewController.swift */,
				C799F5A6236B717200184E36 /* PlayerInfoViewController.swift */,
				C799F59C236B715F00184E36 /* CvVideoCameraWrapper.mm */,
				C799F58D236B714000184E36 /* Assets.xcassets */,
				C799F58F236B714000184E36 /* LaunchScreen.storyboard */,
				C799F592236B714000184E36 /* Info.plist */,
				C799F598236B715E00184E36 /* Sportsium_Skeleton-Bridging-Header.h */,
				C799F5C6236B8EC300184E36 /* TeamInfoViewController.swift */,
				C799F6002371CAEC00184E36 /* soccer.png */,
			);
			path = Sportsium_Skeleton;
			sourceTree = "<group>";
		};
		C799F5B0236B71DB00184E36 /* Frameworks */ = {
			isa = PBXGroup;
			children = (
				C799F5BF236B720900184E36 /* QuartzCore.framework */,
				C799F5BD236B720200184E36 /* CoreImage.framework */,
				C799F5BB236B71FA00184E36 /* CoreGraphics.framework */,
				C799F5B9236B71F000184E36 /* Accelerate.framework */,
				C799F5B7236B71E900184E36 /* AVFoundation.framework */,
				C799F5B5236B71E500184E36 /* AssetsLibrary.framework */,
				C799F5B3236B71E100184E36 /* CoreVideo.framework */,
				C799F5B1236B71DB00184E36 /* CoreMedia.framework */,
			);
			name = Frameworks;
			sourceTree = "<group>";
		};
/* End PBXGroup section */

/* Begin PBXNativeTarget section */
		C799F580236B713F00184E36 /* Sportsium_Skeleton */ = {
			isa = PBXNativeTarget;
			buildConfigurationList = C799F595236B714000184E36 /* Build configuration list for PBXNativeTarget "Sportsium_Skeleton" */;
			buildPhases = (
				C799F57D236B713F00184E36 /* Sources */,
				C799F57E236B713F00184E36 /* Frameworks */,
				C799F57F236B713F00184E36 /* Resources */,
				C799F5CA236B8FD500184E36 /* CopyFiles */,
			);
			buildRules = (
			);
			dependencies = (
			);
			name = Sportsium_Skeleton;
			productName = Sportsium_Skeleton;
			productReference = C799F581236B713F00184E36 /* Sportsium_Skeleton.app */;
			productType = "com.apple.product-type.application";
		};
/* End PBXNativeTarget section */

/* Begin PBXProject section */
		C799F579236B713F00184E36 /* Project object */ = {
			isa = PBXProject;
			attributes = {
				LastSwiftUpdateCheck = 1110;
				LastUpgradeCheck = 1110;
				ORGANIZATIONNAME = "Alina Drebin";
				TargetAttributes = {
					C799F580236B713F00184E36 = {
						CreatedOnToolsVersion = 11.1;
						LastSwiftMigration = 1110;
					};
				};
			};
			buildConfigurationList = C799F57C236B713F00184E36 /* Build configuration list for PBXProject "Sportsium_Skeleton" */;
			compatibilityVersion = "Xcode 9.3";
			developmentRegion = en;
			hasScannedForEncodings = 0;
			knownRegions = (
				en,
				Base,
			);
			mainGroup = C799F578236B713F00184E36;
			productRefGroup = C799F582236B713F00184E36 /* Products */;
			projectDirPath = "";
			projectRoot = "";
			targets = (
				C799F580236B713F00184E36 /* Sportsium_Skeleton */,
			);
		};
/* End PBXProject section */

/* Begin PBXResourcesBuildPhase section */
		C799F57F236B713F00184E36 /* Resources */ = {
			isa = PBXResourcesBuildPhase;
			buildActionMask = 2147483647;
			files = (
				C799F5D6236BA50B00184E36 /* GameInfo.storyboard in Resources */,
				C799F5D4236B9B9000184E36 /* TeamInfo.storyboard in Resources */,
				C799F5CC236B90C500184E36 /* Assets.xcassets in Resources */,
				C799F591236B714000184E36 /* LaunchScreen.storyboard in Resources */,
				89B35B6D236DFABB004BE9E8 /* ListTeams.storyboard in Resources */,
				C799F59F236B716000184E36 /* CheckIn.storyboard in Resources */,
				C799F6012371CAEC00184E36 /* soccer.png in Resources */,
				C799F5A8236B717200184E36 /* PlayerInfo.storyboard in Resources */,
				C799F58C236B713F00184E36 /* Main.storyboard in Resources */,
				C799F5A0236B716000184E36 /* Camera.storyboard in Resources */,
			);
			runOnlyForDeploymentPostprocessing = 0;
		};
/* End PBXResourcesBuildPhase section */

/* Begin PBXSourcesBuildPhase section */
		C799F57D236B713F00184E36 /* Sources */ = {
			isa = PBXSourcesBuildPhase;
			buildActionMask = 2147483647;
			files = (
				C799F5CF236B9A2D00184E36 /* TeamInfoViewController.swift in Sources */,
				C799F5A9236B717200184E36 /* PlayerInfoViewController.swift in Sources */,
				C799F589236B713F00184E36 /* ViewController.swift in Sources */,
				C799F5D8236BA51F00184E36 /* GameInfoViewController.swift in Sources */,
				C799F5A3236B716000184E36 /* CheckIn.swift in Sources */,
				C799F5A2236B716000184E36 /* CameraViewController.swift in Sources */,
				C799F5A1236B716000184E36 /* CvVideoCameraWrapper.mm in Sources */,
				89B35B6F236DFAC8004BE9E8 /* ListTeamsViewController.swift in Sources */,
				C799F585236B713F00184E36 /* AppDelegate.swift in Sources */,
				C799F587236B713F00184E36 /* SceneDelegate.swift in Sources */,
			);
			runOnlyForDeploymentPostprocessing = 0;
		};
/* End PBXSourcesBuildPhase section */

/* Begin PBXVariantGroup section */
		C799F58A236B713F00184E36 /* Main.storyboard */ = {
			isa = PBXVariantGroup;
			children = (
				C799F58B236B713F00184E36 /* Base */,
			);
			name = Main.storyboard;
			sourceTree = "<group>";
		};
		C799F58F236B714000184E36 /* LaunchScreen.storyboard */ = {
			isa = PBXVariantGroup;
			children = (
				C799F590236B714000184E36 /* Base */,
			);
			name = LaunchScreen.storyboard;
			sourceTree = "<group>";
		};
/* End PBXVariantGroup section */

/* Begin XCBuildConfiguration section */
		C799F593236B714000184E36 /* Debug */ = {
			isa = XCBuildConfiguration;
			buildSettings = {
				ALWAYS_SEARCH_USER_PATHS = NO;
				CLANG_ANALYZER_NONNULL = YES;
				CLANG_ANALYZER_NUMBER_OBJECT_CONVERSION = YES_AGGRESSIVE;
				CLANG_CXX_LANGUAGE_STANDARD = "gnu++14";
				CLANG_CXX_LIBRARY = "libc++";
				CLANG_ENABLE_MODULES = YES;
				CLANG_ENABLE_OBJC_ARC = YES;
				CLANG_ENABLE_OBJC_WEAK = YES;
				CLANG_WARN_BLOCK_CAPTURE_AUTORELEASING = YES;
				CLANG_WARN_BOOL_CONVERSION = YES;
				CLANG_WARN_COMMA = YES;
				CLANG_WARN_CONSTANT_CONVERSION = YES;
				CLANG_WARN_DEPRECATED_OBJC_IMPLEMENTATIONS = YES;
				CLANG_WARN_DIRECT_OBJC_ISA_USAGE = YES_ERROR;
				CLANG_WARN_DOCUMENTATION_COMMENTS = YES;
				CLANG_WARN_EMPTY_BODY = YES;
				CLANG_WARN_ENUM_CONVERSION = YES;
				CLANG_WARN_INFINITE_RECURSION = YES;
				CLANG_WARN_INT_CONVERSION = YES;
				CLANG_WARN_NON_LITERAL_NULL_CONVERSION = YES;
				CLANG_WARN_OBJC_IMPLICIT_RETAIN_SELF = YES;
				CLANG_WARN_OBJC_LITERAL_CONVERSION = YES;
				CLANG_WARN_OBJC_ROOT_CLASS = YES_ERROR;
				CLANG_WARN_RANGE_LOOP_ANALYSIS = YES;
				CLANG_WARN_STRICT_PROTOTYPES = YES;
				CLANG_WARN_SUSPICIOUS_MOVE = YES;
				CLANG_WARN_UNGUARDED_AVAILABILITY = YES_AGGRESSIVE;
				CLANG_WARN_UNREACHABLE_CODE = YES;
				CLANG_WARN__DUPLICATE_METHOD_MATCH = YES;
				COPY_PHASE_STRIP = NO;
				DEBUG_INFORMATION_FORMAT = dwarf;
				ENABLE_STRICT_OBJC_MSGSEND = YES;
				ENABLE_TESTABILITY = YES;
				GCC_C_LANGUAGE_STANDARD = gnu11;
				GCC_DYNAMIC_NO_PIC = NO;
				GCC_NO_COMMON_BLOCKS = YES;
				GCC_OPTIMIZATION_LEVEL = 0;
				GCC_PREPROCESSOR_DEFINITIONS = (
					"DEBUG=1",
					"$(inherited)",
				);
				GCC_WARN_64_TO_32_BIT_CONVERSION = YES;
				GCC_WARN_ABOUT_RETURN_TYPE = YES_ERROR;
				GCC_WARN_UNDECLARED_SELECTOR = YES;
				GCC_WARN_UNINITIALIZED_AUTOS = YES_AGGRESSIVE;
				GCC_WARN_UNUSED_FUNCTION = YES;
				GCC_WARN_UNUSED_VARIABLE = YES;
				IPHONEOS_DEPLOYMENT_TARGET = 13.1;
				MTL_ENABLE_DEBUG_INFO = INCLUDE_SOURCE;
				MTL_FAST_MATH = YES;
				ONLY_ACTIVE_ARCH = YES;
				SDKROOT = iphoneos;
				SWIFT_ACTIVE_COMPILATION_CONDITIONS = DEBUG;
				SWIFT_OPTIMIZATION_LEVEL = "-Onone";
			};
			name = Debug;
		};
		C799F594236B714000184E36 /* Release */ = {
			isa = XCBuildConfiguration;
			buildSettings = {
				ALWAYS_SEARCH_USER_PATHS = NO;
				CLANG_ANALYZER_NONNULL = YES;
				CLANG_ANALYZER_NUMBER_OBJECT_CONVERSION = YES_AGGRESSIVE;
				CLANG_CXX_LANGUAGE_STANDARD = "gnu++14";
				CLANG_CXX_LIBRARY = "libc++";
				CLANG_ENABLE_MODULES = YES;
				CLANG_ENABLE_OBJC_ARC = YES;
				CLANG_ENABLE_OBJC_WEAK = YES;
				CLANG_WARN_BLOCK_CAPTURE_AUTORELEASING = YES;
				CLANG_WARN_BOOL_CONVERSION = YES;
				CLANG_WARN_COMMA = YES;
				CLANG_WARN_CONSTANT_CONVERSION = YES;
				CLANG_WARN_DEPRECATED_OBJC_IMPLEMENTATIONS = YES;
				CLANG_WARN_DIRECT_OBJC_ISA_USAGE = YES_ERROR;
				CLANG_WARN_DOCUMENTATION_COMMENTS = YES;
				CLANG_WARN_EMPTY_BODY = YES;
				CLANG_WARN_ENUM_CONVERSION = YES;
				CLANG_WARN_INFINITE_RECURSION = YES;
				CLANG_WARN_INT_CONVERSION = YES;
				CLANG_WARN_NON_LITERAL_NULL_CONVERSION = YES;
				CLANG_WARN_OBJC_IMPLICIT_RETAIN_SELF = YES;
				CLANG_WARN_OBJC_LITERAL_CONVERSION = YES;
				CLANG_WARN_OBJC_ROOT_CLASS = YES_ERROR;
				CLANG_WARN_RANGE_LOOP_ANALYSIS = YES;
				CLANG_WARN_STRICT_PROTOTYPES = YES;
				CLANG_WARN_SUSPICIOUS_MOVE = YES;
				CLANG_WARN_UNGUARDED_AVAILABILITY = YES_AGGRESSIVE;
				CLANG_WARN_UNREACHABLE_CODE = YES;
				CLANG_WARN__DUPLICATE_METHOD_MATCH = YES;
				COPY_PHASE_STRIP = NO;
				DEBUG_INFORMATION_FORMAT = "dwarf-with-dsym";
				ENABLE_NS_ASSERTIONS = NO;
				ENABLE_STRICT_OBJC_MSGSEND = YES;
				GCC_C_LANGUAGE_STANDARD = gnu11;
				GCC_NO_COMMON_BLOCKS = YES;
				GCC_WARN_64_TO_32_BIT_CONVERSION = YES;
				GCC_WARN_ABOUT_RETURN_TYPE = YES_ERROR;
				GCC_WARN_UNDECLARED_SELECTOR = YES;
				GCC_WARN_UNINITIALIZED_AUTOS = YES_AGGRESSIVE;
				GCC_WARN_UNUSED_FUNCTION = YES;
				GCC_WARN_UNUSED_VARIABLE = YES;
				IPHONEOS_DEPLOYMENT_TARGET = 13.1;
				MTL_ENABLE_DEBUG_INFO = NO;
				MTL_FAST_MATH = YES;
				SDKROOT = iphoneos;
				SWIFT_COMPILATION_MODE = wholemodule;
				SWIFT_OPTIMIZATION_LEVEL = "-O";
				VALIDATE_PRODUCT = YES;
			};
			name = Release;
		};
		C799F596236B714000184E36 /* Debug */ = {
			isa = XCBuildConfiguration;
			buildSettings = {
				ASSETCATALOG_COMPILER_APPICON_NAME = AppIcon;
				CLANG_ENABLE_MODULES = YES;
				CODE_SIGN_STYLE = Automatic;
				DEVELOPMENT_TEAM = 85GRB7F68E;
				ENABLE_BITCODE = NO;
				FRAMEWORK_SEARCH_PATHS = (
					"$(inherited)",
					"$(PROJECT_DIR)/Sportsium_Skeleton",
				);
				INFOPLIST_FILE = Sportsium_Skeleton/Info.plist;
				IPHONEOS_DEPLOYMENT_TARGET = 13.0;
				LD_RUNPATH_SEARCH_PATHS = (
					"$(inherited)",
					"@executable_path/Frameworks",
				);
				PRODUCT_BUNDLE_IDENTIFIER = "alina.Sportsium-Skeleton";
				PRODUCT_NAME = "$(TARGET_NAME)";
				SWIFT_OBJC_BRIDGING_HEADER = "Sportsium_Skeleton/Sportsium_Skeleton-Bridging-Header.h";
				SWIFT_OPTIMIZATION_LEVEL = "-Onone";
				SWIFT_VERSION = 5.0;
				TARGETED_DEVICE_FAMILY = "1,2";
			};
			name = Debug;
		};
		C799F597236B714000184E36 /* Release */ = {
			isa = XCBuildConfiguration;
			buildSettings = {
				ASSETCATALOG_COMPILER_APPICON_NAME = AppIcon;
				CLANG_ENABLE_MODULES = YES;
				CODE_SIGN_STYLE = Automatic;
				DEVELOPMENT_TEAM = 85GRB7F68E;
				ENABLE_BITCODE = NO;
				FRAMEWORK_SEARCH_PATHS = (
					"$(inherited)",
					"$(PROJECT_DIR)/Sportsium_Skeleton",
				);
				INFOPLIST_FILE = Sportsium_Skeleton/Info.plist;
				IPHONEOS_DEPLOYMENT_TARGET = 13.0;
				LD_RUNPATH_SEARCH_PATHS = (
					"$(inherited)",
					"@executable_path/Frameworks",
				);
				PRODUCT_BUNDLE_IDENTIFIER = "alina.Sportsium-Skeleton";
				PRODUCT_NAME = "$(TARGET_NAME)";
				SWIFT_OBJC_BRIDGING_HEADER = "Sportsium_Skeleton/Sportsium_Skeleton-Bridging-Header.h";
				SWIFT_VERSION = 5.0;
				TARGETED_DEVICE_FAMILY = "1,2";
			};
			name = Release;
		};
/* End XCBuildConfiguration section */

/* Begin XCConfigurationList section */
		C799F57C236B713F00184E36 /* Build configuration list for PBXProject "Sportsium_Skeleton" */ = {
			isa = XCConfigurationList;
			buildConfigurations = (
				C799F593236B714000184E36 /* Debug */,
				C799F594236B714000184E36 /* Release */,
			);
			defaultConfigurationIsVisible = 0;
			defaultConfigurationName = Release;
		};
		C799F595236B714000184E36 /* Build configuration list for PBXNativeTarget "Sportsium_Skeleton" */ = {
			isa = XCConfigurationList;
			buildConfigurations = (
				C799F596236B714000184E36 /* Debug */,
				C799F597236B714000184E36 /* Release */,
			);
			defaultConfigurationIsVisible = 0;
			defaultConfigurationName = Release;
		};
/* End XCConfigurationList section */
	};
	rootObject = C799F579236B713F00184E36 /* Project object */;
}
